
Microsoft Visual Studio Solution File, Format Version 12.00
# Visual Studio Version 16
VisualStudioVersion = 16.0.30309.148
MinimumVisualStudioVersion = 10.0.40219.1
Project("{FAE04EC0-301F-11D3-BF4B-00C04F79EFBC}") = "DataRepository", "DataRepository\DataRepository.csproj", "{13EA03DD-B944-4C14-AEAC-FE5F7D6BCAD5}"
EndProject
Project("{FAE04EC0-301F-11D3-BF4B-00C04F79EFBC}") = "DataRepository.UnitTest", "DataRepository.UnitTest\DataRepository.UnitTest.csproj", "{A86316B9-5164-4A60-99A0-C4454A6E1CA9}"
EndProject
Project("{FAE04EC0-301F-11D3-BF4B-00C04F79EFBC}") = "WebAPI", "WebAPI\WebAPI.csproj", "{7F34345B-6498-49A3-8682-E6E667ED166B}"
EndProject
Global
	GlobalSection(SolutionConfigurationPlatforms) = preSolution
		Debug|Any CPU = Debug|Any CPU
		Release|Any CPU = Release|Any CPU
	EndGlobalSection
	GlobalSection(ProjectConfigurationPlatforms) = postSolution
		{13EA03DD-B944-4C14-AEAC-FE5F7D6BCAD5}.Debug|Any CPU.ActiveCfg = Debug|Any CPU
		{13EA03DD-B944-4C14-AEAC-FE5F7D6BCAD5}.Debug|Any CPU.Build.0 = Debug|Any CPU
		{13EA03DD-B944-4C14-AEAC-FE5F7D6BCAD5}.Release|Any CPU.ActiveCfg = Release|Any CPU
		{13EA03DD-B944-4C14-AEAC-FE5F7D6BCAD5}.Release|Any CPU.Build.0 = Release|Any CPU
		{A86316B9-5164-4A60-99A0-C4454A6E1CA9}.Debug|Any CPU.ActiveCfg = Debug|Any CPU
		{A86316B9-5164-4A60-99A0-C4454A6E1CA9}.Debug|Any CPU.Build.0 = Debug|Any CPU
		{A86316B9-5164-4A60-99A0-C4454A6E1CA9}.Release|Any CPU.ActiveCfg = Release|Any CPU
		{A86316B9-5164-4A60-99A0-C4454A6E1CA9}.Release|Any CPU.Build.0 = Release|Any CPU
		{7F34345B-6498-49A3-8682-E6E667ED166B}.Debug|Any CPU.ActiveCfg = Debug|Any CPU
		{7F34345B-6498-49A3-8682-E6E667ED166B}.Debug|Any CPU.Build.0 = Debug|Any CPU
		{7F34345B-6498-49A3-8682-E6E667ED166B}.Release|Any CPU.ActiveCfg = Release|Any CPU
		{7F34345B-6498-49A3-8682-E6E667ED166B}.Release|Any CPU.Build.0 = Release|Any CPU
	EndGlobalSection
	GlobalSection(SolutionProperties) = preSolution
		HideSolutionNode = FALSE
	EndGlobalSection
	GlobalSection(ExtensibilityGlobals) = postSolution
		SolutionGuid = {9E3D1925-F3AA-4E3B-B83B-A9A6E4F0F058}
	EndGlobalSection
EndGlobal
